
Microsoft Visual Studio Solution File, Format Version 12.00
# Visual Studio 15
VisualStudioVersion = 15.0.27130.2024
MinimumVisualStudioVersion = 10.0.40219.1
Project("{FAE04EC0-301F-11D3-BF4B-00C04F79EFBC}") = "codality", "codality\codality.csproj", "{C075DC15-9C30-40CF-B0D4-4133EB14C40A}"
EndProject
Global
	GlobalSection(SolutionConfigurationPlatforms) = preSolution
		Debug|Any CPU = Debug|Any CPU
		Release|Any CPU = Release|Any CPU
	EndGlobalSection
	GlobalSection(ProjectConfigurationPlatforms) = postSolution
		{C075DC15-9C30-40CF-B0D4-4133EB14C40A}.Debug|Any CPU.ActiveCfg = Debug|Any CPU
		{C075DC15-9C30-40CF-B0D4-4133EB14C40A}.Debug|Any CPU.Build.0 = Debug|Any CPU
		{C075DC15-9C30-40CF-B0D4-4133EB14C40A}.Release|Any CPU.ActiveCfg = Release|Any CPU
		{C075DC15-9C30-40CF-B0D4-4133EB14C40A}.Release|Any CPU.Build.0 = Release|Any CPU
	EndGlobalSection
	GlobalSection(SolutionProperties) = preSolution
		HideSolutionNode = FALSE
	EndGlobalSection
	GlobalSection(ExtensibilityGlobals) = postSolution
		SolutionGuid = {EA1A4F56-7C41-44FD-AF41-E29407468F86}
	EndGlobalSection
EndGlobal
